
Microsoft Visual Studio Solution File, Format Version 12.00
# Visual Studio 15
VisualStudioVersion = 15.0.27004.2006
MinimumVisualStudioVersion = 10.0.40219.1
Project("{FAE04EC0-301F-11D3-BF4B-00C04F79EFBC}") = "Merlin.Communication", "Merlin.Communication\Merlin.Communication.csproj", "{C534A0A2-D72E-4CA8-BC77-E2F68D47A533}"
EndProject
Project("{FAE04EC0-301F-11D3-BF4B-00C04F79EFBC}") = "Merlin.Concurrent", "Merlin.Concurrent\Merlin.Concurrent.csproj", "{A6D253C0-11E0-44B2-AB41-B3BDA2ADA732}"
EndProject
Project("{FAE04EC0-301F-11D3-BF4B-00C04F79EFBC}") = "Merlin.Injector.Minject", "Merlin.Injector.Minject\Merlin.Injector.Minject.csproj", "{046B55D0-2F34-4766-BF09-52DC16033EF2}"
EndProject
Global
	GlobalSection(SolutionConfigurationPlatforms) = preSolution
		Debug|Any CPU = Debug|Any CPU
		Release|Any CPU = Release|Any CPU
	EndGlobalSection
	GlobalSection(ProjectConfigurationPlatforms) = postSolution
		{C534A0A2-D72E-4CA8-BC77-E2F68D47A533}.Debug|Any CPU.ActiveCfg = Debug|Any CPU
		{C534A0A2-D72E-4CA8-BC77-E2F68D47A533}.Debug|Any CPU.Build.0 = Debug|Any CPU
		{C534A0A2-D72E-4CA8-BC77-E2F68D47A533}.Release|Any CPU.ActiveCfg = Release|Any CPU
		{C534A0A2-D72E-4CA8-BC77-E2F68D47A533}.Release|Any CPU.Build.0 = Release|Any CPU
		{A6D253C0-11E0-44B2-AB41-B3BDA2ADA732}.Debug|Any CPU.ActiveCfg = Debug|Any CPU
		{A6D253C0-11E0-44B2-AB41-B3BDA2ADA732}.Debug|Any CPU.Build.0 = Debug|Any CPU
		{A6D253C0-11E0-44B2-AB41-B3BDA2ADA732}.Release|Any CPU.ActiveCfg = Release|Any CPU
		{A6D253C0-11E0-44B2-AB41-B3BDA2ADA732}.Release|Any CPU.Build.0 = Release|Any CPU
		{046B55D0-2F34-4766-BF09-52DC16033EF2}.Debug|Any CPU.ActiveCfg = Debug|Any CPU
		{046B55D0-2F34-4766-BF09-52DC16033EF2}.Debug|Any CPU.Build.0 = Debug|Any CPU
		{046B55D0-2F34-4766-BF09-52DC16033EF2}.Release|Any CPU.ActiveCfg = Release|Any CPU
		{046B55D0-2F34-4766-BF09-52DC16033EF2}.Release|Any CPU.Build.0 = Release|Any CPU
	EndGlobalSection
	GlobalSection(SolutionProperties) = preSolution
		HideSolutionNode = FALSE
	EndGlobalSection
	GlobalSection(ExtensibilityGlobals) = postSolution
		SolutionGuid = {9B96C4D2-B05A-4200-B71B-0EA70F10147A}
	EndGlobalSection
EndGlobal
